
Microsoft Visual Studio Solution File, Format Version 12.00
# Visual Studio 15
VisualStudioVersion = 15.0.28010.2036
MinimumVisualStudioVersion = 10.0.40219.1
Project("{FAE04EC0-301F-11D3-BF4B-00C04F79EFBC}") = "GitHubClient", "GitHubClient\GitHubClient.csproj", "{023AE239-0B3E-480C-AD2E-F4F44962F237}"
EndProject
Global
	GlobalSection(SolutionConfigurationPlatforms) = preSolution
		Debug|Any CPU = Debug|Any CPU
		Release|Any CPU = Release|Any CPU
	EndGlobalSection
	GlobalSection(ProjectConfigurationPlatforms) = postSolution
		{023AE239-0B3E-480C-AD2E-F4F44962F237}.Debug|Any CPU.ActiveCfg = Debug|Any CPU
		{023AE239-0B3E-480C-AD2E-F4F44962F237}.Debug|Any CPU.Build.0 = Debug|Any CPU
		{023AE239-0B3E-480C-AD2E-F4F44962F237}.Release|Any CPU.ActiveCfg = Release|Any CPU
		{023AE239-0B3E-480C-AD2E-F4F44962F237}.Release|Any CPU.Build.0 = Release|Any CPU
	EndGlobalSection
	GlobalSection(SolutionProperties) = preSolution
		HideSolutionNode = FALSE
	EndGlobalSection
	GlobalSection(ExtensibilityGlobals) = postSolution
		SolutionGuid = {FB20FE9E-666D-4446-814C-18BB8CB18E5B}
	EndGlobalSection
EndGlobal
